# This file is generated by running "yarn install" inside your project.
# Manual changes might be lost - proceed with caution!

__metadata:
  version: 8
  cacheKey: 10c0

"@types/lodash@npm:^4.17.20":
  version: 4.17.20
  resolution: "@types/lodash@npm:4.17.20"
  checksum: 10c0/98cdd0faae22cbb8079a01a3bb65aa8f8c41143367486c1cbf5adc83f16c9272a2a5d2c1f541f61d0d73da543c16ee1d21cf2ef86cb93cd0cc0ac3bced6dd88f
  languageName: node
  linkType: hard

"dayjs@npm:^1.11.13":
  version: 1.11.13
  resolution: "dayjs@npm:1.11.13"
  checksum: 10c0/a3caf6ac8363c7dade9d1ee797848ddcf25c1ace68d9fe8678ecf8ba0675825430de5d793672ec87b24a69bf04a1544b176547b2539982275d5542a7955f35b7
  languageName: node
  linkType: hard

"lodash@npm:^4.17.21":
  version: 4.17.21
  resolution: "lodash@npm:4.17.21"
  checksum: 10c0/d8cbea072bb08655bb4c989da418994b073a608dffa608b09ac04b43a791b12aeae7cd7ad919aa4c925f33b48490b5cfe6c1f71d827956071dae2e7bb3a6b74c
  languageName: node
  linkType: hard

"rankings-testing@workspace:.":
  version: 0.0.0-use.local
  resolution: "rankings-testing@workspace:."
  dependencies:
    "@types/lodash": "npm:^4.17.20"
    dayjs: "npm:^1.11.13"
    lodash: "npm:^4.17.21"
  languageName: unknown
  linkType: soft
